
Microsoft Visual Studio Solution File, Format Version 11.00
# Visual Studio 2010
Project("{2857B73E-F847-4B02-9238-064979017E93}") = "GPNKM", "GPNKM\GPNKM.cproj", "{BAEDAF2A-55B3-473A-9B7E-A58D8AF54063}"
EndProject
Global
	GlobalSection(SolutionConfigurationPlatforms) = preSolution
		Debug|Any CPU = Debug|Any CPU
		Release|Any CPU = Release|Any CPU
	EndGlobalSection
	GlobalSection(ProjectConfigurationPlatforms) = postSolution
		{BAEDAF2A-55B3-473A-9B7E-A58D8AF54063}.Debug|Any CPU.ActiveCfg = Debug|Any CPU
		{BAEDAF2A-55B3-473A-9B7E-A58D8AF54063}.Debug|Any CPU.Build.0 = Debug|Any CPU
		{BAEDAF2A-55B3-473A-9B7E-A58D8AF54063}.Release|Any CPU.ActiveCfg = Release|Any CPU
		{BAEDAF2A-55B3-473A-9B7E-A58D8AF54063}.Release|Any CPU.Build.0 = Release|Any CPU
	EndGlobalSection
	GlobalSection(MonoDevelopProperties) = preSolution
		StartupItem = GPNKM\GPNKM.cproj
	EndGlobalSection
EndGlobal
